github.com/goccy/go-json v0.10.3 h1:KZ5WoDbxAIgm2HNbYckL0se1fHD6rz5j4ywS6ebzDqA=
github.com/goccy/go-json v0.10.3/go.mod h1:oq7eo15ShAhp70Anwd5lgX2pLfOS3QCiwU/PULtXL6M=
github.com/gorilla/websocket v1.5.0 h1:PPwGk2jz7EePpoHN/+ClbZu8SPxiqlu12wZP/3sWmnc=
github.com/gorilla/websocket v1.5.0/go.mod h1:YR8l580nyteQvAITg2hZ9XVh4b55+EU/adAjf1fMHhE=
github.com/olahol/melody v1.4.0 h1:Pa5SdeZL/zXPi1tJuMAPDbl4n3gQOThSL6G1p4qZ4SI=
github.com/olahol/melody v1.4.0/go.mod h1:GgkTl6Y7yWj/HtfD48Q5vLKPVoZOH+Qqgfa7CvJgJM4=
github.com/roadrunner-server/errors v1.4.0 h1:Odjg3VZrj1q5Y8ILwoN+JgERyv0pkhrWPNOM4h68iQ8=
github.com/roadrunner-server/errors v1.4.0/go.mod h1:78PvraAFj+Sxy5nDmo0S+h6rEMLFIDszWZxA3B0sPAs=
github.com/roadrunner-server/goridge/v3 v3.8.3 h1:XmjrOFnI6ZbQTPaP39DEk8KwLUNTgjluK3pcZaW6ixQ=
github.com/roadrunner-server/goridge/v3 v3.8.3/go.mod h1:4TZU8zgkKIZCsH51qwGMpvyXCT59u/8z6q8sCe4ZGAQ=
github.com/vmihailenco/msgpack/v5 v5.4.1 h1:cQriyiUvjTwOHg8QZaPihLWeRAAVoCpE00IUPn0Bjt8=
github.com/vmihailenco/msgpack/v5 v5.4.1/go.mod h1:GaZTsDaehaPpQVyxrf5mtQlH+pc21PIudVV/E3rRQok=
github.com/vmihailenco/tagparser/v2 v2.0.0 h1:y09buUbR+b5aycVFQs/g70pqKVZNBmxwAhO7/IwNM9g=
github.com/vmihailenco/tagparser/v2 v2.0.0/go.mod h1:Wri+At7QHww0WTrCBeu4J6bNtoV6mEfg5OIWRZA9qds=
google.golang.org/protobuf v1.34.2 h1:6xV6lTsCfpGD21XK49h7MhtcApnLqkfYgPcdHftf6hg=
google.golang.org/protobuf v1.34.2/go.mod h1:qYOHts0dSfpeUzUFpOMr/WGzszTmLH+DiWniOlNbLDw=
